
Microsoft Visual Studio Solution File, Format Version 12.00
# Visual Studio Version 16
VisualStudioVersion = 16.0.29215.179
MinimumVisualStudioVersion = 10.0.40219.1
Project("{9A19103F-16F7-4668-BE54-9A1E7A4F7556}") = "FullStackExercise.Web.Api", "FullStackExercise.Web.Api\FullStackExercise.Web.Api.csproj", "{D4760A79-3C17-4F61-827D-E926459AE32B}"
EndProject
Global
	GlobalSection(SolutionConfigurationPlatforms) = preSolution
		Debug|Any CPU = Debug|Any CPU
		Release|Any CPU = Release|Any CPU
	EndGlobalSection
	GlobalSection(ProjectConfigurationPlatforms) = postSolution
		{D4760A79-3C17-4F61-827D-E926459AE32B}.Debug|Any CPU.ActiveCfg = Debug|Any CPU
		{D4760A79-3C17-4F61-827D-E926459AE32B}.Debug|Any CPU.Build.0 = Debug|Any CPU
		{D4760A79-3C17-4F61-827D-E926459AE32B}.Release|Any CPU.ActiveCfg = Release|Any CPU
		{D4760A79-3C17-4F61-827D-E926459AE32B}.Release|Any CPU.Build.0 = Release|Any CPU
	EndGlobalSection
	GlobalSection(SolutionProperties) = preSolution
		HideSolutionNode = FALSE
	EndGlobalSection
	GlobalSection(ExtensibilityGlobals) = postSolution
		SolutionGuid = {F6C2D97C-EF8C-4963-A98E-9DE2DF043ECA}
	EndGlobalSection
EndGlobal
